
Microsoft Visual Studio Solution File, Format Version 12.00
# Visual Studio Version 16
VisualStudioVersion = 16.0.29709.97
MinimumVisualStudioVersion = 10.0.40219.1
Project("{FAE04EC0-301F-11D3-BF4B-00C04F79EFBC}") = "CustomList", "CustomList\CustomList.csproj", "{EE916351-E14B-4666-9D4D-4AAD7CD3E400}"
EndProject
Project("{FAE04EC0-301F-11D3-BF4B-00C04F79EFBC}") = "CustomListTest", "CustomListTest\CustomListTest.csproj", "{0F2C2CEF-B95E-4985-BEA7-73D8C28FCD92}"
EndProject
Global
	GlobalSection(SolutionConfigurationPlatforms) = preSolution
		Debug|Any CPU = Debug|Any CPU
		Release|Any CPU = Release|Any CPU
	EndGlobalSection
	GlobalSection(ProjectConfigurationPlatforms) = postSolution
		{EE916351-E14B-4666-9D4D-4AAD7CD3E400}.Debug|Any CPU.ActiveCfg = Debug|Any CPU
		{EE916351-E14B-4666-9D4D-4AAD7CD3E400}.Debug|Any CPU.Build.0 = Debug|Any CPU
		{EE916351-E14B-4666-9D4D-4AAD7CD3E400}.Release|Any CPU.ActiveCfg = Release|Any CPU
		{EE916351-E14B-4666-9D4D-4AAD7CD3E400}.Release|Any CPU.Build.0 = Release|Any CPU
		{0F2C2CEF-B95E-4985-BEA7-73D8C28FCD92}.Debug|Any CPU.ActiveCfg = Debug|Any CPU
		{0F2C2CEF-B95E-4985-BEA7-73D8C28FCD92}.Debug|Any CPU.Build.0 = Debug|Any CPU
		{0F2C2CEF-B95E-4985-BEA7-73D8C28FCD92}.Release|Any CPU.ActiveCfg = Release|Any CPU
		{0F2C2CEF-B95E-4985-BEA7-73D8C28FCD92}.Release|Any CPU.Build.0 = Release|Any CPU
	EndGlobalSection
	GlobalSection(SolutionProperties) = preSolution
		HideSolutionNode = FALSE
	EndGlobalSection
	GlobalSection(ExtensibilityGlobals) = postSolution
		SolutionGuid = {F25ED6BB-DA98-41C6-AFE9-45D254E4BC15}
	EndGlobalSection
EndGlobal
